
Microsoft Visual Studio Solution File, Format Version 12.00
# Visual Studio Version 17
VisualStudioVersion = 17.5.002.0
MinimumVisualStudioVersion = 10.0.40219.1
Project("{9A19103F-16F7-4668-BE54-9A1E7A4F7556}") = "roslyn-stj-sourcegen-repro", "roslyn-stj-sourcegen-repro.csproj", "{68C2373A-20BD-4C2D-B9C6-1B0EA26B2DD3}"
EndProject
Global
	GlobalSection(SolutionConfigurationPlatforms) = preSolution
		Debug|Any CPU = Debug|Any CPU
		Release|Any CPU = Release|Any CPU
	EndGlobalSection
	GlobalSection(ProjectConfigurationPlatforms) = postSolution
		{68C2373A-20BD-4C2D-B9C6-1B0EA26B2DD3}.Debug|Any CPU.ActiveCfg = Debug|Any CPU
		{68C2373A-20BD-4C2D-B9C6-1B0EA26B2DD3}.Debug|Any CPU.Build.0 = Debug|Any CPU
		{68C2373A-20BD-4C2D-B9C6-1B0EA26B2DD3}.Release|Any CPU.ActiveCfg = Release|Any CPU
		{68C2373A-20BD-4C2D-B9C6-1B0EA26B2DD3}.Release|Any CPU.Build.0 = Release|Any CPU
	EndGlobalSection
	GlobalSection(SolutionProperties) = preSolution
		HideSolutionNode = FALSE
	EndGlobalSection
	GlobalSection(ExtensibilityGlobals) = postSolution
		SolutionGuid = {AF09564F-3F4F-43E9-ABC3-C97C3F400CBF}
	EndGlobalSection
EndGlobal
